Microsoft Visual Studio Solution File, Format Version 12.00
# Visual Studio Version 17
VisualStudioVersion = 17.5.2.0
MinimumVisualStudioVersion = 10.0.40219.1
Project("{FAE04EC0-301F-11D3-BF4B-00C04F79EFBC}") = "CollectionViewIssues", "CollectionViewIssues.csproj", "{098BCEB0-DC7E-D01C-A853-8361BA7CC886}"
EndProject
Global
	GlobalSection(SolutionConfigurationPlatforms) = preSolution
		Debug|Any CPU = Debug|Any CPU
		Release|Any CPU = Release|Any CPU
	EndGlobalSection
	GlobalSection(ProjectConfigurationPlatforms) = postSolution
		{098BCEB0-DC7E-D01C-A853-8361BA7CC886}.Debug|Any CPU.ActiveCfg = Debug|Any CPU
		{098BCEB0-DC7E-D01C-A853-8361BA7CC886}.Debug|Any CPU.Build.0 = Debug|Any CPU
		{098BCEB0-DC7E-D01C-A853-8361BA7CC886}.Release|Any CPU.ActiveCfg = Release|Any CPU
		{098BCEB0-DC7E-D01C-A853-8361BA7CC886}.Release|Any CPU.Build.0 = Release|Any CPU
	EndGlobalSection
	GlobalSection(SolutionProperties) = preSolution
		HideSolutionNode = FALSE
	EndGlobalSection
	GlobalSection(ExtensibilityGlobals) = postSolution
		SolutionGuid = {5FF609E8-E43A-4C2D-8BA5-923E7B4C8BE7}
	EndGlobalSection
EndGlobal
